
Microsoft Visual Studio Solution File, Format Version 12.00
# Visual Studio Version 17
VisualStudioVersion = 17.10.35122.118
MinimumVisualStudioVersion = 10.0.40219.1
Project("{FAE04EC0-301F-11D3-BF4B-00C04F79EFBC}") = "EventEaseVMS", "EventEaseVMS\EventEaseVMS.csproj", "{56E53B01-A493-4EDF-B9F4-FB1DEF3EF451}"
EndProject
Global
	GlobalSection(SolutionConfigurationPlatforms) = preSolution
		Debug|Any CPU = Debug|Any CPU
		Release|Any CPU = Release|Any CPU
	EndGlobalSection
	GlobalSection(ProjectConfigurationPlatforms) = postSolution
		{56E53B01-A493-4EDF-B9F4-FB1DEF3EF451}.Debug|Any CPU.ActiveCfg = Debug|Any CPU
		{56E53B01-A493-4EDF-B9F4-FB1DEF3EF451}.Debug|Any CPU.Build.0 = Debug|Any CPU
		{56E53B01-A493-4EDF-B9F4-FB1DEF3EF451}.Release|Any CPU.ActiveCfg = Release|Any CPU
		{56E53B01-A493-4EDF-B9F4-FB1DEF3EF451}.Release|Any CPU.Build.0 = Release|Any CPU
	EndGlobalSection
	GlobalSection(SolutionProperties) = preSolution
		HideSolutionNode = FALSE
	EndGlobalSection
	GlobalSection(ExtensibilityGlobals) = postSolution
		SolutionGuid = {D8EC1DE0-3F07-44AD-9AF6-7925BA4EF137}
	EndGlobalSection
EndGlobal
